{
  "requires": true,
  "lockfileVersion": 1,
  "dependencies": {
    "consola": {
      "version": "2.13.0",
      "resolved": "https://registry.npmjs.org/consola/-/consola-2.13.0.tgz",
      "integrity": "sha512-Jw+8qpL0yrpfqH9m90fWoDRQyn8TYU6Aegpl4UofoP81VYvQLoOWMpFw2vQ3U/cyLRRzTc/CyNC6YYVzZFU8Eg=="
    },
    "dotenv": {
      "version": "8.2.0",
      "resolved": "https://registry.npmjs.org/dotenv/-/dotenv-8.2.0.tgz",
      "integrity": "sha512-8sJ78ElpbDJBHNeBzUbUVLsqKdccaa/BXF1uPTw3GrvQTBgrQrtObr2mUrE38vzYd8cEv+m/JBfDLioYcfXoaw=="
    }
  }
}
